// !$*UTF8*$!
{
	archiveVersion = 1;
	classes = {
	};
	objectVersion = 55;
	objects = {

/* Begin PBXBuildFile section */
		A060D29E28A012B2006B7475 /* AppDelegate.swift in Sources */ = {isa = PBXBuildFile; fileRef = A060D29D28A012B2006B7475 /* AppDelegate.swift */; };
		A060D2A028A012B2006B7475 /* SceneDelegate.swift in Sources */ = {isa = PBXBuildFile; fileRef = A060D29F28A012B2006B7475 /* SceneDelegate.swift */; };
		A060D2A228A012B2006B7475 /* ViewController.swift in Sources */ = {isa = PBXBuildFile; fileRef = A060D2A128A012B2006B7475 /* ViewController.swift */; };
		A060D2A528A012B2006B7475 /* Main.storyboard in Resources */ = {isa = PBXBuildFile; fileRef = A060D2A328A012B2006B7475 /* Main.storyboard */; };
		A060D2A828A012B2006B7475 /* TableViewTumbuhan.xcdatamodeld in Sources */ = {isa = PBXBuildFile; fileRef = A060D2A628A012B2006B7475 /* TableViewTumbuhan.xcdatamodeld */; };
		A060D2AA28A012B3006B7475 /* Assets.xcassets in Resources */ = {isa = PBXBuildFile; fileRef = A060D2A928A012B3006B7475 /* Assets.xcassets */; };
		A060D2AD28A012B3006B7475 /* LaunchScreen.storyboard in Resources */ = {isa = PBXBuildFile; fileRef = A060D2AB28A012B3006B7475 /* LaunchScreen.storyboard */; };
		A0F10AE728A32AA50031379F /* CustomeTableViewCell.swift in Sources */ = {isa = PBXBuildFile; fileRef = A0F10AE628A32AA50031379F /* CustomeTableViewCell.swift */; };
		A0F10AE928A332EC0031379F /* Plant.swift in Sources */ = {isa = PBXBuildFile; fileRef = A0F10AE828A332EC0031379F /* Plant.swift */; };
		A0F10AED28A33B4B0031379F /* DescriptionViewController.swift in Sources */ = {isa = PBXBuildFile; fileRef = A0F10AEC28A33B4B0031379F /* DescriptionViewController.swift */; };
		A0F10AF828A3ACBB0031379F /* ProfilViewController.swift in Sources */ = {isa = PBXBuildFile; fileRef = A0F10AF728A3ACBB0031379F /* ProfilViewController.swift */; };
/* End PBXBuildFile section */

/* Begin PBXFileReference section */
		A060D29A28A012B2006B7475 /* TableViewTumbuhan.app */ = {isa = PBXFileReference; explicitFileType = wrapper.application; includeInIndex = 0; path = TableViewTumbuhan.app; sourceTree = BUILT_PRODUCTS_DIR; };
		A060D29D28A012B2006B7475 /* AppDelegate.swift */ = {isa = PBXFileReference; lastKnownFileType = sourcecode.swift; path = AppDelegate.swift; sourceTree = "<group>"; };
		A060D29F28A012B2006B7475 /* SceneDelegate.swift */ = {isa = PBXFileReference; lastKnownFileType = sourcecode.swift; path = SceneDelegate.swift; sourceTree = "<group>"; };
		A060D2A128A012B2006B7475 /* ViewController.swift */ = {isa = PBXFileReference; lastKnownFileType = sourcecode.swift; path = ViewController.swift; sourceTree = "<group>"; };
		A060D2A428A012B2006B7475 /* Base */ = {isa = PBXFileReference; lastKnownFileType = file.storyboard; name = Base; path = Base.lproj/Main.storyboard; sourceTree = "<group>"; };
		A060D2A728A012B2006B7475 /* TableViewTumbuhan.xcdatamodel */ = {isa = PBXFileReference; lastKnownFileType = wrapper.xcdatamodel; path = TableViewTumbuhan.xcdatamodel; sourceTree = "<group>"; };
		A060D2A928A012B3006B7475 /* Assets.xcassets */ = {isa = PBXFileReference; lastKnownFileType = folder.assetcatalog; path = Assets.xcassets; sourceTree = "<group>"; };
		A060D2AC28A012B3006B7475 /* Base */ = {isa = PBXFileReference; lastKnownFileType = file.storyboard; name = Base; path = Base.lproj/LaunchScreen.storyboard; sourceTree = "<group>"; };
		A060D2AE28A012B3006B7475 /* Info.plist */ = {isa = PBXFileReference; lastKnownFileType = text.plist.xml; path = Info.plist; sourceTree = "<group>"; };
		A0F10AE628A32AA50031379F /* CustomeTableViewCell.swift */ = {isa = PBXFileReference; lastKnownFileType = sourcecode.swift; path = CustomeTableViewCell.swift; sourceTree = "<group>"; };
		A0F10AE828A332EC0031379F /* Plant.swift */ = {isa = PBXFileReference; lastKnownFileType = sourcecode.swift; path = Plant.swift; sourceTree = "<group>"; };
		A0F10AEC28A33B4B0031379F /* DescriptionViewController.swift */ = {isa = PBXFileReference; lastKnownFileType = sourcecode.swift; path = DescriptionViewController.swift; sourceTree = "<group>"; };
		A0F10AF728A3ACBB0031379F /* ProfilViewController.swift */ = {isa = PBXFileReference; lastKnownFileType = sourcecode.swift; path = ProfilViewController.swift; sourceTree = "<group>"; };
/* End PBXFileReference section */

/* Begin PBXFrameworksBuildPhase section */
		A060D29728A012B2006B7475 /* Frameworks */ = {
			isa = PBXFrameworksBuildPhase;
			buildActionMask = 2147483647;
			files = (
			);
			runOnlyForDeploymentPostprocessing = 0;
		};
/* End PBXFrameworksBuildPhase section */

/* Begin PBXGroup section */
		A060D29128A012B2006B7475 = {
			isa = PBXGroup;
			children = (
				A060D29C28A012B2006B7475 /* TableViewTumbuhan */,
				A060D29B28A012B2006B7475 /* Products */,
			);
			sourceTree = "<group>";
		};
		A060D29B28A012B2006B7475 /* Products */ = {
			isa = PBXGroup;
			children = (
				A060D29A28A012B2006B7475 /* TableViewTumbuhan.app */,
			);
			name = Products;
			sourceTree = "<group>";
		};
		A060D29C28A012B2006B7475 /* TableViewTumbuhan */ = {
			isa = PBXGroup;
			children = (
				A0F10AE828A332EC0031379F /* Plant.swift */,
				A0F10AE628A32AA50031379F /* CustomeTableViewCell.swift */,
				A060D29D28A012B2006B7475 /* AppDelegate.swift */,
				A060D29F28A012B2006B7475 /* SceneDelegate.swift */,
				A0F10AF728A3ACBB0031379F /* ProfilViewController.swift */,
				A0F10AEC28A33B4B0031379F /* DescriptionViewController.swift */,
				A060D2A128A012B2006B7475 /* ViewController.swift */,
				A060D2A328A012B2006B7475 /* Main.storyboard */,
				A060D2A928A012B3006B7475 /* Assets.xcassets */,
				A060D2AB28A012B3006B7475 /* LaunchScreen.storyboard */,
				A060D2AE28A012B3006B7475 /* Info.plist */,
				A060D2A628A012B2006B7475 /* TableViewTumbuhan.xcdatamodeld */,
			);
			path = TableViewTumbuhan;
			sourceTree = "<group>";
		};
/* End PBXGroup section */

/* Begin PBXNativeTarget section */
		A060D29928A012B2006B7475 /* TableViewTumbuhan */ = {
			isa = PBXNativeTarget;
			buildConfigurationList = A060D2B128A012B3006B7475 /* Build configuration list for PBXNativeTarget "TableViewTumbuhan" */;
			buildPhases = (
				A060D29628A012B2006B7475 /* Sources */,
				A060D29728A012B2006B7475 /* Frameworks */,
				A060D29828A012B2006B7475 /* Resources */,
			);
			buildRules = (
			);
			dependencies = (
			);
			name = TableViewTumbuhan;
			productName = TableViewTumbuhan;
			productReference = A060D29A28A012B2006B7475 /* TableViewTumbuhan.app */;
			productType = "com.apple.product-type.application";
		};
/* End PBXNativeTarget section */

/* Begin PBXProject section */
		A060D29228A012B2006B7475 /* Project object */ = {
			isa = PBXProject;
			attributes = {
				BuildIndependentTargetsInParallel = 1;
				LastSwiftUpdateCheck = 1340;
				LastUpgradeCheck = 1340;
				TargetAttributes = {
					A060D29928A012B2006B7475 = {
						CreatedOnToolsVersion = 13.4.1;
					};
				};
			};
			buildConfigurationList = A060D29528A012B2006B7475 /* Build configuration list for PBXProject "TableViewTumbuhan" */;
			compatibilityVersion = "Xcode 13.0";
			developmentRegion = en;
			hasScannedForEncodings = 0;
			knownRegions = (
				en,
				Base,
			);
			mainGroup = A060D29128A012B2006B7475;
			productRefGroup = A060D29B28A012B2006B7475 /* Products */;
			projectDirPath = "";
			projectRoot = "";
			targets = (
				A060D29928A012B2006B7475 /* TableViewTumbuhan */,
			);
		};
/* End PBXProject section */

/* Begin PBXResourcesBuildPhase section */
		A060D29828A012B2006B7475 /* Resources */ = {
			isa = PBXResourcesBuildPhase;
			buildActionMask = 2147483647;
			files = (
				A060D2AD28A012B3006B7475 /* LaunchScreen.storyboard in Resources */,
				A060D2AA28A012B3006B7475 /* Assets.xcassets in Resources */,
				A060D2A528A012B2006B7475 /* Main.storyboard in Resources */,
			);
			runOnlyForDeploymentPostprocessing = 0;
		};
/* End PBXResourcesBuildPhase section */

/* Begin PBXSourcesBuildPhase section */
		A060D29628A012B2006B7475 /* Sources */ = {
			isa = PBXSourcesBuildPhase;
			buildActionMask = 2147483647;
			files = (
				A0F10AF828A3ACBB0031379F /* ProfilViewController.swift in Sources */,
				A060D2A228A012B2006B7475 /* ViewController.swift in Sources */,
				A0F10AED28A33B4B0031379F /* DescriptionViewController.swift in Sources */,
				A0F10AE928A332EC0031379F /* Plant.swift in Sources */,
				A060D2A828A012B2006B7475 /* TableViewTumbuhan.xcdatamodeld in Sources */,
				A060D29E28A012B2006B7475 /* AppDelegate.swift in Sources */,
				A060D2A028A012B2006B7475 /* SceneDelegate.swift in Sources */,
				A0F10AE728A32AA50031379F /* CustomeTableViewCell.swift in Sources */,
			);
			runOnlyForDeploymentPostprocessing = 0;
		};
/* End PBXSourcesBuildPhase section */

/* Begin PBXVariantGroup section */
		A060D2A328A012B2006B7475 /* Main.storyboard */ = {
			isa = PBXVariantGroup;
			children = (
				A060D2A428A012B2006B7475 /* Base */,
			);
			name = Main.storyboard;
			sourceTree = "<group>";
		};
		A060D2AB28A012B3006B7475 /* LaunchScreen.storyboard */ = {
			isa = PBXVariantGroup;
			children = (
				A060D2AC28A012B3006B7475 /* Base */,
			);
			name = LaunchScreen.storyboard;
			sourceTree = "<group>";
		};
/* End PBXVariantGroup section */

/* Begin XCBuildConfiguration section */
		A060D2AF28A012B3006B7475 /* Debug */ = {
			isa = XCBuildConfiguration;
			buildSettings = {
				ALWAYS_SEARCH_USER_PATHS = NO;
				CLANG_ANALYZER_NONNULL = YES;
				CLANG_ANALYZER_NUMBER_OBJECT_CONVERSION = YES_AGGRESSIVE;
				CLANG_CXX_LANGUAGE_STANDARD = "gnu++17";
				CLANG_ENABLE_MODULES = YES;
				CLANG_ENABLE_OBJC_ARC = YES;
				CLANG_ENABLE_OBJC_WEAK = YES;
				CLANG_WARN_BLOCK_CAPTURE_AUTORELEASING = YES;
				CLANG_WARN_BOOL_CONVERSION = YES;
				CLANG_WARN_COMMA = YES;
				CLANG_WARN_CONSTANT_CONVERSION = YES;
				CLANG_WARN_DEPRECATED_OBJC_IMPLEMENTATIONS = YES;
				CLANG_WARN_DIRECT_OBJC_ISA_USAGE = YES_ERROR;
				CLANG_WARN_DOCUMENTATION_COMMENTS = YES;
				CLANG_WARN_EMPTY_BODY = YES;
				CLANG_WARN_ENUM_CONVERSION = YES;
				CLANG_WARN_INFINITE_RECURSION = YES;
				CLANG_WARN_INT_CONVERSION = YES;
				CLANG_WARN_NON_LITERAL_NULL_CONVERSION = YES;
				CLANG_WARN_OBJC_IMPLICIT_RETAIN_SELF = YES;
				CLANG_WARN_OBJC_LITERAL_CONVERSION = YES;
				CLANG_WARN_OBJC_ROOT_CLASS = YES_ERROR;
				CLANG_WARN_QUOTED_INCLUDE_IN_FRAMEWORK_HEADER = YES;
				CLANG_WARN_RANGE_LOOP_ANALYSIS = YES;
				CLANG_WARN_STRICT_PROTOTYPES = YES;
				CLANG_WARN_SUSPICIOUS_MOVE = YES;
				CLANG_WARN_UNGUARDED_AVAILABILITY = YES_AGGRESSIVE;
				CLANG_WARN_UNREACHABLE_CODE = YES;
				CLANG_WARN__DUPLICATE_METHOD_MATCH = YES;
				COPY_PHASE_STRIP = NO;
				DEBUG_INFORMATION_FORMAT = dwarf;
				ENABLE_STRICT_OBJC_MSGSEND = YES;
				ENABLE_TESTABILITY = YES;
				GCC_C_LANGUAGE_STANDARD = gnu11;
				GCC_DYNAMIC_NO_PIC = NO;
				GCC_NO_COMMON_BLOCKS = YES;
				GCC_OPTIMIZATION_LEVEL = 0;
				GCC_PREPROCESSOR_DEFINITIONS = (
					"DEBUG=1",
					"$(inherited)",
				);
				GCC_WARN_64_TO_32_BIT_CONVERSION = YES;
				GCC_WARN_ABOUT_RETURN_TYPE = YES_ERROR;
				GCC_WARN_UNDECLARED_SELECTOR = YES;
				GCC_WARN_UNINITIALIZED_AUTOS = YES_AGGRESSIVE;
				GCC_WARN_UNUSED_FUNCTION = YES;
				GCC_WARN_UNUSED_VARIABLE = YES;
				IPHONEOS_DEPLOYMENT_TARGET = 15.5;
				MTL_ENABLE_DEBUG_INFO = INCLUDE_SOURCE;
				MTL_FAST_MATH = YES;
				ONLY_ACTIVE_ARCH = YES;
				SDKROOT = iphoneos;
				SWIFT_ACTIVE_COMPILATION_CONDITIONS = DEBUG;
				SWIFT_OPTIMIZATION_LEVEL = "-Onone";
			};
			name = Debug;
		};
		A060D2B028A012B3006B7475 /* Release */ = {
			isa = XCBuildConfiguration;
			buildSettings = {
				ALWAYS_SEARCH_USER_PATHS = NO;
				CLANG_ANALYZER_NONNULL = YES;
				CLANG_ANALYZER_NUMBER_OBJECT_CONVERSION = YES_AGGRESSIVE;
				CLANG_CXX_LANGUAGE_STANDARD = "gnu++17";
				CLANG_ENABLE_MODULES = YES;
				CLANG_ENABLE_OBJC_ARC = YES;
				CLANG_ENABLE_OBJC_WEAK = YES;
				CLANG_WARN_BLOCK_CAPTURE_AUTORELEASING = YES;
				CLANG_WARN_BOOL_CONVERSION = YES;
				CLANG_WARN_COMMA = YES;
				CLANG_WARN_CONSTANT_CONVERSION = YES;
				CLANG_WARN_DEPRECATED_OBJC_IMPLEMENTATIONS = YES;
				CLANG_WARN_DIRECT_OBJC_ISA_USAGE = YES_ERROR;
				CLANG_WARN_DOCUMENTATION_COMMENTS = YES;
				CLANG_WARN_EMPTY_BODY = YES;
				CLANG_WARN_ENUM_CONVERSION = YES;
				CLANG_WARN_INFINITE_RECURSION = YES;
				CLANG_WARN_INT_CONVERSION = YES;
				CLANG_WARN_NON_LITERAL_NULL_CONVERSION = YES;
				CLANG_WARN_OBJC_IMPLICIT_RETAIN_SELF = YES;
				CLANG_WARN_OBJC_LITERAL_CONVERSION = YES;
				CLANG_WARN_OBJC_ROOT_CLASS = YES_ERROR;
				CLANG_WARN_QUOTED_INCLUDE_IN_FRAMEWORK_HEADER = YES;
				CLANG_WARN_RANGE_LOOP_ANALYSIS = YES;
				CLANG_WARN_STRICT_PROTOTYPES = YES;
				CLANG_WARN_SUSPICIOUS_MOVE = YES;
				CLANG_WARN_UNGUARDED_AVAILABILITY = YES_AGGRESSIVE;
				CLANG_WARN_UNREACHABLE_CODE = YES;
				CLANG_WARN__DUPLICATE_METHOD_MATCH = YES;
				COPY_PHASE_STRIP = NO;
				DEBUG_INFORMATION_FORMAT = "dwarf-with-dsym";
				ENABLE_NS_ASSERTIONS = NO;
				ENABLE_STRICT_OBJC_MSGSEND = YES;
				GCC_C_LANGUAGE_STANDARD = gnu11;
				GCC_NO_COMMON_BLOCKS = YES;
				GCC_WARN_64_TO_32_BIT_CONVERSION = YES;
				GCC_WARN_ABOUT_RETURN_TYPE = YES_ERROR;
				GCC_WARN_UNDECLARED_SELECTOR = YES;
				GCC_WARN_UNINITIALIZED_AUTOS = YES_AGGRESSIVE;
				GCC_WARN_UNUSED_FUNCTION = YES;
				GCC_WARN_UNUSED_VARIABLE = YES;
				IPHONEOS_DEPLOYMENT_TARGET = 15.5;
				MTL_ENABLE_DEBUG_INFO = NO;
				MTL_FAST_MATH = YES;
				SDKROOT = iphoneos;
				SWIFT_COMPILATION_MODE = wholemodule;
				SWIFT_OPTIMIZATION_LEVEL = "-O";
				VALIDATE_PRODUCT = YES;
			};
			name = Release;
		};
		A060D2B228A012B3006B7475 /* Debug */ = {
			isa = XCBuildConfiguration;
			buildSettings = {
				ASSETCATALOG_COMPILER_APPICON_NAME = AppIcon;
				ASSETCATALOG_COMPILER_GLOBAL_ACCENT_COLOR_NAME = AccentColor;
				CODE_SIGN_STYLE = Automatic;
				CURRENT_PROJECT_VERSION = 1;
				DEVELOPMENT_TEAM = AL5KA4YBF7;
				GENERATE_INFOPLIST_FILE = YES;
				INFOPLIST_FILE = TableViewTumbuhan/Info.plist;
				INFOPLIST_KEY_UIApplicationSupportsIndirectInputEvents = YES;
				INFOPLIST_KEY_UILaunchStoryboardName = LaunchScreen;
				INFOPLIST_KEY_UIMainStoryboardFile = Main;
				INFOPLIST_KEY_UISupportedInterfaceOrientations_iPad = "UIInterfaceOrientationPortrait UIInterfaceOrientationPortraitUpsideDown UIInterfaceOrientationLandscapeLeft UIInterfaceOrientationLandscapeRight";
				INFOPLIST_KEY_UISupportedInterfaceOrientations_iPhone = "UIInterfaceOrientationPortrait UIInterfaceOrientationLandscapeLeft UIInterfaceOrientationLandscapeRight";
				LD_RUNPATH_SEARCH_PATHS = (
					"$(inherited)",
					"@executable_path/Frameworks",
				);
				MARKETING_VERSION = 1.0;
				PRODUCT_BUNDLE_IDENTIFIER = Putri.TableViewTumbuhan;
				PRODUCT_NAME = "$(TARGET_NAME)";
				SWIFT_EMIT_LOC_STRINGS = YES;
				SWIFT_VERSION = 5.0;
				TARGETED_DEVICE_FAMILY = "1,2";
			};
			name = Debug;
		};
		A060D2B328A012B3006B7475 /* Release */ = {
			isa = XCBuildConfiguration;
			buildSettings = {
				ASSETCATALOG_COMPILER_APPICON_NAME = AppIcon;
				ASSETCATALOG_COMPILER_GLOBAL_ACCENT_COLOR_NAME = AccentColor;
				CODE_SIGN_STYLE = Automatic;
				CURRENT_PROJECT_VERSION = 1;
				DEVELOPMENT_TEAM = AL5KA4YBF7;
				GENERATE_INFOPLIST_FILE = YES;
				INFOPLIST_FILE = TableViewTumbuhan/Info.plist;
				INFOPLIST_KEY_UIApplicationSupportsIndirectInputEvents = YES;
				INFOPLIST_KEY_UILaunchStoryboardName = LaunchScreen;
				INFOPLIST_KEY_UIMainStoryboardFile = Main;
				INFOPLIST_KEY_UISupportedInterfaceOrientations_iPad = "UIInterfaceOrientationPortrait UIInterfaceOrientationPortraitUpsideDown UIInterfaceOrientationLandscapeLeft UIInterfaceOrientationLandscapeRight";
				INFOPLIST_KEY_UISupportedInterfaceOrientations_iPhone = "UIInterfaceOrientationPortrait UIInterfaceOrientationLandscapeLeft UIInterfaceOrientationLandscapeRight";
				LD_RUNPATH_SEARCH_PATHS = (
					"$(inherited)",
					"@executable_path/Frameworks",
				);
				MARKETING_VERSION = 1.0;
				PRODUCT_BUNDLE_IDENTIFIER = Putri.TableViewTumbuhan;
				PRODUCT_NAME = "$(TARGET_NAME)";
				SWIFT_EMIT_LOC_STRINGS = YES;
				SWIFT_VERSION = 5.0;
				TARGETED_DEVICE_FAMILY = "1,2";
			};
			name = Release;
		};
/* End XCBuildConfiguration section */

/* Begin XCConfigurationList section */
		A060D29528A012B2006B7475 /* Build configuration list for PBXProject "TableViewTumbuhan" */ = {
			isa = XCConfigurationList;
			buildConfigurations = (
				A060D2AF28A012B3006B7475 /* Debug */,
				A060D2B028A012B3006B7475 /* Release */,
			);
			defaultConfigurationIsVisible = 0;
			defaultConfigurationName = Release;
		};
		A060D2B128A012B3006B7475 /* Build configuration list for PBXNativeTarget "TableViewTumbuhan" */ = {
			isa = XCConfigurationList;
			buildConfigurations = (
				A060D2B228A012B3006B7475 /* Debug */,
				A060D2B328A012B3006B7475 /* Release */,
			);
			defaultConfigurationIsVisible = 0;
			defaultConfigurationName = Release;
		};
/* End XCConfigurationList section */

/* Begin XCVersionGroup section */
		A060D2A628A012B2006B7475 /* TableViewTumbuhan.xcdatamodeld */ = {
			isa = XCVersionGroup;
			children = (
				A060D2A728A012B2006B7475 /* TableViewTumbuhan.xcdatamodel */,
			);
			currentVersion = A060D2A728A012B2006B7475 /* TableViewTumbuhan.xcdatamodel */;
			path = TableViewTumbuhan.xcdatamodeld;
			sourceTree = "<group>";
			versionGroupType = wrapper.xcdatamodel;
		};
/* End XCVersionGroup section */
	};
	rootObject = A060D29228A012B2006B7475 /* Project object */;
}
